
Microsoft Visual Studio Solution File, Format Version 12.00
# Visual Studio Version 16
VisualStudioVersion = 16.0.31205.134
MinimumVisualStudioVersion = 10.0.40219.1
Project("{FAE04EC0-301F-11D3-BF4B-00C04F79EFBC}") = "WebApplication5", "WebApplication5\WebApplication5.csproj", "{FBD713E7-F1F7-4643-9F25-0D47A8E654B9}"
EndProject
Global
	GlobalSection(SolutionConfigurationPlatforms) = preSolution
		Debug|Any CPU = Debug|Any CPU
		Release|Any CPU = Release|Any CPU
	EndGlobalSection
	GlobalSection(ProjectConfigurationPlatforms) = postSolution
		{FBD713E7-F1F7-4643-9F25-0D47A8E654B9}.Debug|Any CPU.ActiveCfg = Debug|Any CPU
		{FBD713E7-F1F7-4643-9F25-0D47A8E654B9}.Debug|Any CPU.Build.0 = Debug|Any CPU
		{FBD713E7-F1F7-4643-9F25-0D47A8E654B9}.Release|Any CPU.ActiveCfg = Release|Any CPU
		{FBD713E7-F1F7-4643-9F25-0D47A8E654B9}.Release|Any CPU.Build.0 = Release|Any CPU
	EndGlobalSection
	GlobalSection(SolutionProperties) = preSolution
		HideSolutionNode = FALSE
	EndGlobalSection
	GlobalSection(ExtensibilityGlobals) = postSolution
		SolutionGuid = {A462B40E-F95C-43B3-93F6-92E7955330DE}
	EndGlobalSection
EndGlobal
